
Microsoft Visual Studio Solution File, Format Version 12.00
# Visual Studio Version 17
VisualStudioVersion = 17.8.34227.203
MinimumVisualStudioVersion = 10.0.40219.1
Project("{9A19103F-16F7-4668-BE54-9A1E7A4F7556}") = "CSharpNextPreview", "CSharpNextPreview.csproj", "{BEA50CB6-76A1-4717-BC80-984FEE6188C5}"
EndProject
Global
	GlobalSection(SolutionConfigurationPlatforms) = preSolution
		Debug|Any CPU = Debug|Any CPU
		Release|Any CPU = Release|Any CPU
	EndGlobalSection
	GlobalSection(ProjectConfigurationPlatforms) = postSolution
		{BEA50CB6-76A1-4717-BC80-984FEE6188C5}.Debug|Any CPU.ActiveCfg = Debug|Any CPU
		{BEA50CB6-76A1-4717-BC80-984FEE6188C5}.Debug|Any CPU.Build.0 = Debug|Any CPU
		{BEA50CB6-76A1-4717-BC80-984FEE6188C5}.Release|Any CPU.ActiveCfg = Release|Any CPU
		{BEA50CB6-76A1-4717-BC80-984FEE6188C5}.Release|Any CPU.Build.0 = Release|Any CPU
	EndGlobalSection
	GlobalSection(SolutionProperties) = preSolution
		HideSolutionNode = FALSE
	EndGlobalSection
	GlobalSection(ExtensibilityGlobals) = postSolution
		SolutionGuid = {E4F8B70D-C648-4391-86DB-35FB017CE768}
	EndGlobalSection
EndGlobal
