
Microsoft Visual Studio Solution File, Format Version 12.00
# Visual Studio Version 17
VisualStudioVersion = 17.8.34227.203
MinimumVisualStudioVersion = 10.0.40219.1
Project("{9A19103F-16F7-4668-BE54-9A1E7A4F7556}") = "CSharp12", "CSharp12.csproj", "{AB7F8D97-60DB-4537-9B11-C1151A39D28E}"
EndProject
Global
	GlobalSection(SolutionConfigurationPlatforms) = preSolution
		Debug|Any CPU = Debug|Any CPU
		Release|Any CPU = Release|Any CPU
	EndGlobalSection
	GlobalSection(ProjectConfigurationPlatforms) = postSolution
		{AB7F8D97-60DB-4537-9B11-C1151A39D28E}.Debug|Any CPU.ActiveCfg = Debug|Any CPU
		{AB7F8D97-60DB-4537-9B11-C1151A39D28E}.Debug|Any CPU.Build.0 = Debug|Any CPU
		{AB7F8D97-60DB-4537-9B11-C1151A39D28E}.Release|Any CPU.ActiveCfg = Release|Any CPU
		{AB7F8D97-60DB-4537-9B11-C1151A39D28E}.Release|Any CPU.Build.0 = Release|Any CPU
	EndGlobalSection
	GlobalSection(SolutionProperties) = preSolution
		HideSolutionNode = FALSE
	EndGlobalSection
	GlobalSection(ExtensibilityGlobals) = postSolution
		SolutionGuid = {E4F8B70D-C648-4391-86DB-35FB017CE768}
	EndGlobalSection
EndGlobal
